{
  "version": 4,
  "terraform_version": "1.4.5",
  "serial": 1,
  "lineage": "88f555d8-75bf-85eb-71f6-9275d14ea152",
  "outputs": {},
  "resources": [
    {
      "module": "module.scaleway",
      "mode": "managed",
      "type": "scaleway_registry_namespace",
      "name": "main",
      "provider": "module.scaleway.provider[\"registry.terraform.io/scaleway/scaleway\"]",
      "instances": [
        {
          "schema_version": 0,
          "attributes": {
            "description": "Main container registry of my account",
            "endpoint": "rg.fr-par.scw.cloud/main-registry",
            "id": "fr-par/c22258a1-d237-474d-bfe3-ac49b476e7d7",
            "is_public": true,
            "name": "main-registry",
            "organization_id": "6fb7a921-0d28-4fd2-b8d5-b64182c99ee2",
            "project_id": "6fb7a921-0d28-4fd2-b8d5-b64182c99ee2",
            "region": "fr-par",
            "timeouts": null
          },
          "sensitive_attributes": [],
          "private": "eyJlMmJmYjczMC1lY2FhLTExZTYtOGY4OC0zNDM2M2JjN2M0YzAiOnsiY3JlYXRlIjo5MDAwMDAwMDAwMDAsImRlZmF1bHQiOjMwMDAwMDAwMDAwMCwiZGVsZXRlIjo5MDAwMDAwMDAwMDAsInJlYWQiOjkwMDAwMDAwMDAwMCwidXBkYXRlIjo5MDAwMDAwMDAwMDB9fQ=="
        }
      ]
    }
  ],
  "check_results": null
}
